dependencies:
- name: influxdb
  repository: https://influxdata.github.io/helm-charts
  version: 4.8.1
- name: prometheus-operator
  repository: https://charts.helm.sh/stable
  version: 9.3.1
digest: sha256:5d7c42eb9f9762d18e93c60450628bb2c1ff078d30aa374589d2eb564a79493d
generated: "2021-01-12T17:22:33.656645+01:00"
