dependencies:
- name: influxdb
  repository: https://influxdata.github.io/helm-charts
  version: 4.8.1
- name: kapacitor
  repository: https://helm.influxdata.com/
  version: 1.4.0
- name: prometheus-operator
  repository: https://charts.helm.sh/stable
  version: 9.3.1
digest: sha256:29f746aed73533b724f0e4fb6b7fc01af56010e5702d5ad40a57c22053d67127
generated: "2021-11-15T13:08:00.615537285+01:00"
