dependencies:
- name: influxdb
  repository: https://influxdata.github.io/helm-charts
  version: 4.8.1
- name: prometheus-operator
  repository: https://kubernetes-charts.storage.googleapis.com
  version: 9.3.1
digest: sha256:7e7699633954f22dffab0b623fdab3b640dd6ef4a3a1ede4133e649653719f39
generated: "2020-11-26T12:14:14.264797709+01:00"
