version: 0.146.0
dependencies:
- name: community-operator
  repository: https://mongodb.github.io/helm-charts
  version: 0.7.9
- name: raw
  repository: https://bedag.github.io/helm-charts/
  version: 2.0.0
digest: sha256:302cc4762ddb37e9799d951dbbdadc4d7f269fe625dbc61cd88cb41996d2db96
generated: "2023-04-14T14:54:04.737608337+02:00"
