version: v0.144.0
dependencies:
- name: community-operator
  repository: https://mongodb.github.io/helm-charts
  version: 0.7.7
- name: raw
  repository: https://bedag.github.io/helm-charts/
  version: 2.0.0
digest: sha256:970aace9558e544d3b4b3bb7596edd45e9bdb08f4d7b7f094c1d498d2c5fb2a5
generated: "2023-01-12T13:30:26.702194988+01:00"
